
Microsoft Visual Studio Solution File, Format Version 12.00
# Visual Studio Express 2012 for Windows Desktop
Project("{FAE04EC0-301F-11D3-BF4B-00C04F79EFBC}") = "Circle Chart", "Circle Chart\Circle Chart.csproj", "{F227F237-56A5-4112-A215-B9734F386530}"
EndProject
Global
	GlobalSection(SolutionConfigurationPlatforms) = preSolution
		Debug|Any CPU = Debug|Any CPU
		Release|Any CPU = Release|Any CPU
	EndGlobalSection
	GlobalSection(ProjectConfigurationPlatforms) = postSolution
		{F227F237-56A5-4112-A215-B9734F386530}.Debug|Any CPU.ActiveCfg = Debug|Any CPU
		{F227F237-56A5-4112-A215-B9734F386530}.Debug|Any CPU.Build.0 = Debug|Any CPU
		{F227F237-56A5-4112-A215-B9734F386530}.Release|Any CPU.ActiveCfg = Release|Any CPU
		{F227F237-56A5-4112-A215-B9734F386530}.Release|Any CPU.Build.0 = Release|Any CPU
	EndGlobalSection
	GlobalSection(SolutionProperties) = preSolution
		HideSolutionNode = FALSE
	EndGlobalSection
EndGlobal
