
Microsoft Visual Studio Solution File, Format Version 12.00
# Visual Studio Express 2012 for Windows Desktop
Project("{FAE04EC0-301F-11D3-BF4B-00C04F79EFBC}") = "snake", "snake\snake.csproj", "{13612F1B-2FBC-4530-A27D-6ACD3775A5BB}"
EndProject
Global
	GlobalSection(SolutionConfigurationPlatforms) = preSolution
		Debug|Any CPU = Debug|Any CPU
		Release|Any CPU = Release|Any CPU
	EndGlobalSection
	GlobalSection(ProjectConfigurationPlatforms) = postSolution
		{13612F1B-2FBC-4530-A27D-6ACD3775A5BB}.Debug|Any CPU.ActiveCfg = Debug|Any CPU
		{13612F1B-2FBC-4530-A27D-6ACD3775A5BB}.Debug|Any CPU.Build.0 = Debug|Any CPU
		{13612F1B-2FBC-4530-A27D-6ACD3775A5BB}.Release|Any CPU.ActiveCfg = Release|Any CPU
		{13612F1B-2FBC-4530-A27D-6ACD3775A5BB}.Release|Any CPU.Build.0 = Release|Any CPU
	EndGlobalSection
	GlobalSection(SolutionProperties) = preSolution
		HideSolutionNode = FALSE
	EndGlobalSection
EndGlobal
